dependencies:
- name: mysql
  repository: file://./local-repository/mysql
  version: 1.6.2
- name: rabbitmq
  repository: file://./local-repository/rabbitmq
  version: 6.16.6
- name: rabbitmq-ha
  repository: file://./local-repository/rabbitmq-ha
  version: 1.38.2
- name: kafka
  repository: file://./local-repository/kafka
  version: 0.20.8
- name: prometheus
  repository: file://./local-repository/prometheus
  version: 10.4.0
- name: grafana
  repository: file://./local-repository/grafana
  version: 4.5.0
digest: sha256:14298ac3a55accfce07a1b34f682c8809c482341e27680fed6c67d407f98bd79
generated: "2020-08-23T02:31:36.07798352-03:00"
